{
  "name": "mazemaze",
  "version": "0.0.0",
  "lockfileVersion": 3,
  "requires": true,
  "packages": {
    "": {
      "name": "mazemaze",
      "version": "0.0.0",
      "license": "MIT",
      "workspaces": [
        "generator",
        "api-misskey",
        "api-mastodon",
        "api-bluesky",
        "umbrella"
      ]
    },
    "api-bluesky": {
      "name": "@f3liz/mazemaze-api-bluesky",
      "version": "0.11.0",
      "license": "MIT",
      "devDependencies": {
        "@f3liz/mazemaze-generator": "*",
        "acorn": "^8.17.0",
        "rescript": "^12.1.0"
      }
    },
    "api-bluesky/node_modules/@rescript/darwin-arm64": {
      "version": "12.3.0",
      "cpu": [
        "arm64"
      ],
      "dev": true,
      "license": "(LGPL-3.0-or-later AND MIT)",
      "optional": true,
      "os": [
        "darwin"
      ],
      "engines": {
        "node": ">=20.11.0"
      }
    },
    "api-bluesky/node_modules/@rescript/runtime": {
      "version": "12.3.0",
      "dev": true,
      "license": "MIT"
    },
    "api-bluesky/node_modules/acorn": {
      "version": "8.17.0",
      "dev": true,
      "license": "MIT",
      "bin": {
        "acorn": "bin/acorn"
      },
      "engines": {
        "node": ">=0.4.0"
      }
    },
    "api-bluesky/node_modules/rescript": {
      "version": "12.3.0",
      "dev": true,
      "license": "(LGPL-3.0-or-later AND MIT)",
      "workspaces": [
        "packages/playground",
        "packages/@rescript/*",
        "tests/dependencies/**",
        "tests/analysis_tests/**",
        "tests/docstring_tests",
        "tests/gentype_tests/**",
        "tests/tools_tests",
        "tests/commonjs_tests",
        "scripts/res"
      ],
      "dependencies": {
        "@rescript/runtime": "12.3.0"
      },
      "bin": {
        "bsc": "cli/bsc.js",
        "bstracing": "cli/bstracing.js",
        "rescript": "cli/rescript.js",
        "rescript-legacy": "cli/rescript-legacy.js",
        "rescript-tools": "cli/rescript-tools.js"
      },
      "engines": {
        "node": ">=20.11.0"
      },
      "optionalDependencies": {
        "@rescript/darwin-arm64": "12.3.0",
        "@rescript/darwin-x64": "12.3.0",
        "@rescript/linux-arm64": "12.3.0",
        "@rescript/linux-x64": "12.3.0",
        "@rescript/win32-x64": "12.3.0"
      }
    },
    "api-mastodon": {
      "name": "@f3liz/mazemaze-api-mastodon",
      "version": "0.11.0",
      "license": "MIT",
      "devDependencies": {
        "@f3liz/mazemaze-generator": "*",
        "acorn": "^8.17.0",
        "rescript": "^12.1.0"
      }
    },
    "api-mastodon/node_modules/@rescript/darwin-arm64": {
      "version": "12.3.0",
      "cpu": [
        "arm64"
      ],
      "dev": true,
      "license": "(LGPL-3.0-or-later AND MIT)",
      "optional": true,
      "os": [
        "darwin"
      ],
      "engines": {
        "node": ">=20.11.0"
      }
    },
    "api-mastodon/node_modules/@rescript/runtime": {
      "version": "12.3.0",
      "dev": true,
      "license": "MIT"
    },
    "api-mastodon/node_modules/acorn": {
      "version": "8.17.0",
      "dev": true,
      "license": "MIT",
      "bin": {
        "acorn": "bin/acorn"
      },
      "engines": {
        "node": ">=0.4.0"
      }
    },
    "api-mastodon/node_modules/rescript": {
      "version": "12.3.0",
      "dev": true,
      "license": "(LGPL-3.0-or-later AND MIT)",
      "workspaces": [
        "packages/playground",
        "packages/@rescript/*",
        "tests/dependencies/**",
        "tests/analysis_tests/**",
        "tests/docstring_tests",
        "tests/gentype_tests/**",
        "tests/tools_tests",
        "tests/commonjs_tests",
        "scripts/res"
      ],
      "dependencies": {
        "@rescript/runtime": "12.3.0"
      },
      "bin": {
        "bsc": "cli/bsc.js",
        "bstracing": "cli/bstracing.js",
        "rescript": "cli/rescript.js",
        "rescript-legacy": "cli/rescript-legacy.js",
        "rescript-tools": "cli/rescript-tools.js"
      },
      "engines": {
        "node": ">=20.11.0"
      },
      "optionalDependencies": {
        "@rescript/darwin-arm64": "12.3.0",
        "@rescript/darwin-x64": "12.3.0",
        "@rescript/linux-arm64": "12.3.0",
        "@rescript/linux-x64": "12.3.0",
        "@rescript/win32-x64": "12.3.0"
      }
    },
    "api-misskey": {
      "name": "@f3liz/mazemaze-api-misskey",
      "version": "0.11.0",
      "license": "MIT",
      "dependencies": {
        "ofetch": "^1.5.1"
      },
      "devDependencies": {
        "@f3liz/mazemaze-generator": "*",
        "acorn": "^8.17.0",
        "rescript": "^12.1.0",
        "typescript": "^5.9.3"
      }
    },
    "api-misskey/node_modules/@rescript/darwin-arm64": {
      "version": "12.1.0",
      "cpu": [
        "arm64"
      ],
      "dev": true,
      "optional": true,
      "os": [
        "darwin"
      ],
      "engines": {
        "node": ">=20.11.0"
      }
    },
    "api-misskey/node_modules/@rescript/runtime": {
      "version": "12.1.0",
      "dev": true
    },
    "api-misskey/node_modules/acorn": {
      "version": "8.17.0",
      "dev": true,
      "license": "MIT",
      "bin": {
        "acorn": "bin/acorn"
      },
      "engines": {
        "node": ">=0.4.0"
      }
    },
    "api-misskey/node_modules/destr": {
      "version": "2.0.5",
      "license": "MIT"
    },
    "api-misskey/node_modules/node-fetch-native": {
      "version": "1.6.7",
      "license": "MIT"
    },
    "api-misskey/node_modules/ofetch": {
      "version": "1.5.1",
      "license": "MIT",
      "dependencies": {
        "destr": "^2.0.5",
        "node-fetch-native": "^1.6.7",
        "ufo": "^1.6.1"
      }
    },
    "api-misskey/node_modules/rescript": {
      "version": "12.1.0",
      "dev": true,
      "license": "SEE LICENSE IN LICENSE",
      "workspaces": [
        "packages/playground",
        "packages/@rescript/*",
        "tests/dependencies/**",
        "tests/analysis_tests/**",
        "tests/docstring_tests",
        "tests/gentype_tests/**",
        "tests/tools_tests",
        "scripts/res"
      ],
      "dependencies": {
        "@rescript/runtime": "12.1.0"
      },
      "bin": {
        "bsc": "cli/bsc.js",
        "bstracing": "cli/bstracing.js",
        "rescript": "cli/rescript.js",
        "rescript-legacy": "cli/rescript-legacy.js",
        "rescript-tools": "cli/rescript-tools.js"
      },
      "engines": {
        "node": ">=20.11.0"
      },
      "optionalDependencies": {
        "@rescript/darwin-arm64": "12.1.0",
        "@rescript/darwin-x64": "12.1.0",
        "@rescript/linux-arm64": "12.1.0",
        "@rescript/linux-x64": "12.1.0",
        "@rescript/win32-x64": "12.1.0"
      }
    },
    "api-misskey/node_modules/typescript": {
      "version": "5.9.3",
      "dev": true,
      "license": "Apache-2.0",
      "bin": {
        "tsc": "bin/tsc",
        "tsserver": "bin/tsserver"
      },
      "engines": {
        "node": ">=14.17"
      }
    },
    "api-misskey/node_modules/ufo": {
      "version": "1.6.3",
      "license": "MIT"
    },
    "generator": {
      "name": "@f3liz/mazemaze-generator",
      "version": "0.11.0",
      "license": "MIT",
      "dependencies": {
        "acorn": "^8.17.0",
        "graphql": "^16.11.0"
      },
      "devDependencies": {
        "rescript": "^12.0.0",
        "typescript": "^6.0.3"
      }
    },
    "generator/node_modules/@rescript/darwin-arm64": {
      "version": "12.3.0",
      "cpu": [
        "arm64"
      ],
      "dev": true,
      "license": "(LGPL-3.0-or-later AND MIT)",
      "optional": true,
      "os": [
        "darwin"
      ],
      "engines": {
        "node": ">=20.11.0"
      }
    },
    "generator/node_modules/@rescript/runtime": {
      "version": "12.3.0",
      "dev": true,
      "license": "MIT"
    },
    "generator/node_modules/acorn": {
      "version": "8.17.0",
      "license": "MIT",
      "bin": {
        "acorn": "bin/acorn"
      },
      "engines": {
        "node": ">=0.4.0"
      }
    },
    "generator/node_modules/graphql": {
      "version": "16.14.2",
      "license": "MIT",
      "engines": {
        "node": "^12.22.0 || ^14.16.0 || ^16.0.0 || >=17.0.0"
      }
    },
    "generator/node_modules/rescript": {
      "version": "12.3.0",
      "dev": true,
      "license": "(LGPL-3.0-or-later AND MIT)",
      "workspaces": [
        "packages/playground",
        "packages/@rescript/*",
        "tests/dependencies/**",
        "tests/analysis_tests/**",
        "tests/docstring_tests",
        "tests/gentype_tests/**",
        "tests/tools_tests",
        "tests/commonjs_tests",
        "scripts/res"
      ],
      "dependencies": {
        "@rescript/runtime": "12.3.0"
      },
      "bin": {
        "bsc": "cli/bsc.js",
        "bstracing": "cli/bstracing.js",
        "rescript": "cli/rescript.js",
        "rescript-legacy": "cli/rescript-legacy.js",
        "rescript-tools": "cli/rescript-tools.js"
      },
      "engines": {
        "node": ">=20.11.0"
      },
      "optionalDependencies": {
        "@rescript/darwin-arm64": "12.3.0",
        "@rescript/darwin-x64": "12.3.0",
        "@rescript/linux-arm64": "12.3.0",
        "@rescript/linux-x64": "12.3.0",
        "@rescript/win32-x64": "12.3.0"
      }
    },
    "generator/node_modules/typescript": {
      "version": "6.0.3",
      "dev": true,
      "license": "Apache-2.0",
      "bin": {
        "tsc": "bin/tsc",
        "tsserver": "bin/tsserver"
      },
      "engines": {
        "node": ">=14.17"
      }
    },
    "node_modules/@f3liz/mazemaze": {
      "resolved": "umbrella",
      "link": true
    },
    "node_modules/@f3liz/mazemaze-api-bluesky": {
      "resolved": "api-bluesky",
      "link": true
    },
    "node_modules/@f3liz/mazemaze-api-mastodon": {
      "resolved": "api-mastodon",
      "link": true
    },
    "node_modules/@f3liz/mazemaze-api-misskey": {
      "resolved": "api-misskey",
      "link": true
    },
    "node_modules/@f3liz/mazemaze-generator": {
      "resolved": "generator",
      "link": true
    },
    "umbrella": {
      "name": "@f3liz/mazemaze",
      "version": "0.11.0",
      "license": "MIT",
      "dependencies": {
        "@f3liz/mazemaze-api-misskey": "^0.11.0"
      }
    }
  }
}
