{
  "name": "mazemaze",
  "version": "0.0.0",
  "lockfileVersion": 3,
  "requires": true,
  "packages": {
    "": {
      "name": "mazemaze",
      "version": "0.0.0",
      "license": "MIT",
      "workspaces": [
        "generator",
        "api-misskey",
        "api-mastodon",
        "api-bluesky",
        "api-hackerspub",
        "umbrella"
      ]
    },
    "api-bluesky": {
      "name": "@f3liz/mazemaze-api-bluesky",
      "version": "0.11.0",
      "license": "MIT",
      "devDependencies": {
        "@f3liz/mazemaze-generator": "*",
        "acorn": "^8.17.0",
        "rescript": "^12.1.0",
        "typescript": "^5.9.3"
      }
    },
    "api-hackerspub": {
      "name": "@f3liz/mazemaze-api-hackerspub",
      "version": "0.11.0",
      "license": "MIT",
      "devDependencies": {
        "@f3liz/mazemaze-generator": "*",
        "acorn": "^8.17.0",
        "rescript": "^12.1.0",
        "typescript": "^5.9.3"
      }
    },
    "api-mastodon": {
      "name": "@f3liz/mazemaze-api-mastodon",
      "version": "0.11.0",
      "license": "MIT",
      "devDependencies": {
        "@f3liz/mazemaze-generator": "*",
        "acorn": "^8.17.0",
        "rescript": "^12.1.0",
        "typescript": "^5.9.3"
      }
    },
    "api-misskey": {
      "name": "@f3liz/mazemaze-api-misskey",
      "version": "0.11.0",
      "license": "MIT",
      "dependencies": {
        "ofetch": "^1.5.1"
      },
      "devDependencies": {
        "@f3liz/mazemaze-generator": "*",
        "acorn": "^8.17.0",
        "rescript": "^12.1.0",
        "typescript": "^5.9.3"
      }
    },
    "api-misskey/node_modules/destr": {
      "version": "2.0.5",
      "license": "MIT"
    },
    "api-misskey/node_modules/node-fetch-native": {
      "version": "1.6.7",
      "license": "MIT"
    },
    "api-misskey/node_modules/ofetch": {
      "version": "1.5.1",
      "license": "MIT",
      "dependencies": {
        "destr": "^2.0.5",
        "node-fetch-native": "^1.6.7",
        "ufo": "^1.6.1"
      }
    },
    "api-misskey/node_modules/ufo": {
      "version": "1.6.3",
      "license": "MIT"
    },
    "generator": {
      "name": "@f3liz/mazemaze-generator",
      "version": "0.11.0",
      "license": "MIT",
      "dependencies": {
        "acorn": "^8.17.0",
        "graphql": "^16.11.0"
      },
      "devDependencies": {
        "rescript": "^12.0.0",
        "typescript": "^6.0.3"
      }
    },
    "generator/node_modules/graphql": {
      "version": "16.14.2",
      "license": "MIT",
      "engines": {
        "node": "^12.22.0 || ^14.16.0 || ^16.0.0 || >=17.0.0"
      }
    },
    "generator/node_modules/typescript": {
      "version": "6.0.3",
      "dev": true,
      "license": "Apache-2.0",
      "bin": {
        "tsc": "bin/tsc",
        "tsserver": "bin/tsserver"
      },
      "engines": {
        "node": ">=14.17"
      }
    },
    "node_modules/@f3liz/mazemaze": {
      "resolved": "umbrella",
      "link": true
    },
    "node_modules/@f3liz/mazemaze-api-bluesky": {
      "resolved": "api-bluesky",
      "link": true
    },
    "node_modules/@f3liz/mazemaze-api-hackerspub": {
      "resolved": "api-hackerspub",
      "link": true
    },
    "node_modules/@f3liz/mazemaze-api-mastodon": {
      "resolved": "api-mastodon",
      "link": true
    },
    "node_modules/@f3liz/mazemaze-api-misskey": {
      "resolved": "api-misskey",
      "link": true
    },
    "node_modules/@f3liz/mazemaze-generator": {
      "resolved": "generator",
      "link": true
    },
    "node_modules/@rescript/darwin-arm64": {
      "version": "12.3.0",
      "resolved": "https://registry.npmjs.org/@rescript/darwin-arm64/-/darwin-arm64-12.3.0.tgz",
      "integrity": "sha512-tw0E+XcpPoFj3KizsT5qS/5O/dILi0NBZAz5I8ONK+F43qcqDJDDO+Ise45rGoNWhjwt9WOerYnOd0eUe3U9GA==",
      "cpu": [
        "arm64"
      ],
      "dev": true,
      "license": "(LGPL-3.0-or-later AND MIT)",
      "optional": true,
      "os": [
        "darwin"
      ],
      "engines": {
        "node": ">=20.11.0"
      }
    },
    "node_modules/@rescript/darwin-x64": {
      "version": "12.3.0",
      "resolved": "https://registry.npmjs.org/@rescript/darwin-x64/-/darwin-x64-12.3.0.tgz",
      "integrity": "sha512-dW2R31PpBvPjSy50mSd9zKOT3dFw/gKtsUZoML81fPuXPJh0h5rwu9z3S40UUUzOa68uKNxXcVLrG1RAgs20Bw==",
      "cpu": [
        "x64"
      ],
      "dev": true,
      "license": "(LGPL-3.0-or-later AND MIT)",
      "optional": true,
      "os": [
        "darwin"
      ],
      "engines": {
        "node": ">=20.11.0"
      }
    },
    "node_modules/@rescript/linux-arm64": {
      "version": "12.3.0",
      "resolved": "https://registry.npmjs.org/@rescript/linux-arm64/-/linux-arm64-12.3.0.tgz",
      "integrity": "sha512-4GImq346kefHtaMhruFxVwWmr2shWEGQzAGdgZzn5zNWFN32hOXnztHjSFUmj5gmK9fFbidx/oB3BwdbRp5QFQ==",
      "cpu": [
        "arm64"
      ],
      "dev": true,
      "license": "(LGPL-3.0-or-later AND MIT)",
      "optional": true,
      "os": [
        "linux"
      ],
      "engines": {
        "node": ">=20.11.0"
      }
    },
    "node_modules/@rescript/linux-x64": {
      "version": "12.3.0",
      "resolved": "https://registry.npmjs.org/@rescript/linux-x64/-/linux-x64-12.3.0.tgz",
      "integrity": "sha512-0bPcKI0M38EpoFbhLz2w8ZAY3oZ0GWChwcDn43AN2EAWGLiCORhLP6biqRDg37jK/Bh8Y0MhYzjNWIeHoEDINQ==",
      "cpu": [
        "x64"
      ],
      "dev": true,
      "license": "(LGPL-3.0-or-later AND MIT)",
      "optional": true,
      "os": [
        "linux"
      ],
      "engines": {
        "node": ">=20.11.0"
      }
    },
    "node_modules/@rescript/runtime": {
      "version": "12.3.0",
      "resolved": "https://registry.npmjs.org/@rescript/runtime/-/runtime-12.3.0.tgz",
      "integrity": "sha512-8SRM2f6+LaWach8NJjYQVCCmu6KYmJCb+437L7YpaUpJBDyUOC1x0FF75shZ/Gid9guKPF3zMHrTNHLuyQkkiQ==",
      "dev": true,
      "license": "MIT"
    },
    "node_modules/@rescript/win32-x64": {
      "version": "12.3.0",
      "resolved": "https://registry.npmjs.org/@rescript/win32-x64/-/win32-x64-12.3.0.tgz",
      "integrity": "sha512-TM1aLfn8IJFi0/ztVwHqQOcmJg4jWFCmXjrIS9Tif+6Gx8NdX8ttommUscUghe+Dn2pI382FvqPPNWRUR3AI8g==",
      "cpu": [
        "x64"
      ],
      "dev": true,
      "license": "(LGPL-3.0-or-later AND MIT)",
      "optional": true,
      "os": [
        "win32"
      ],
      "engines": {
        "node": ">=20.11.0"
      }
    },
    "node_modules/acorn": {
      "version": "8.17.0",
      "resolved": "https://registry.npmjs.org/acorn/-/acorn-8.17.0.tgz",
      "integrity": "sha512-xRQbDb9BnwDafYNn6Vwl839DYVjqXYb1XVGtWAZ1kcDc6iwAL4hg3B1dZlRiuENFeO2H53gFG3in621AdERVAg==",
      "license": "MIT",
      "bin": {
        "acorn": "bin/acorn"
      },
      "engines": {
        "node": ">=0.4.0"
      }
    },
    "node_modules/rescript": {
      "version": "12.3.0",
      "resolved": "https://registry.npmjs.org/rescript/-/rescript-12.3.0.tgz",
      "integrity": "sha512-xdnpEoDNoeYjZ8HHATwKJEfWti1Nqwx266edfUC8378a5AO1VvZElj2ZZ/SIJNFgUnohH9yDThB+CHEQfijxKw==",
      "dev": true,
      "license": "(LGPL-3.0-or-later AND MIT)",
      "workspaces": [
        "packages/playground",
        "packages/@rescript/*",
        "tests/dependencies/**",
        "tests/analysis_tests/**",
        "tests/docstring_tests",
        "tests/gentype_tests/**",
        "tests/tools_tests",
        "tests/commonjs_tests",
        "scripts/res"
      ],
      "dependencies": {
        "@rescript/runtime": "12.3.0"
      },
      "bin": {
        "bsc": "cli/bsc.js",
        "bstracing": "cli/bstracing.js",
        "rescript": "cli/rescript.js",
        "rescript-legacy": "cli/rescript-legacy.js",
        "rescript-tools": "cli/rescript-tools.js"
      },
      "engines": {
        "node": ">=20.11.0"
      },
      "optionalDependencies": {
        "@rescript/darwin-arm64": "12.3.0",
        "@rescript/darwin-x64": "12.3.0",
        "@rescript/linux-arm64": "12.3.0",
        "@rescript/linux-x64": "12.3.0",
        "@rescript/win32-x64": "12.3.0"
      }
    },
    "node_modules/typescript": {
      "version": "5.9.3",
      "resolved": "https://registry.npmjs.org/typescript/-/typescript-5.9.3.tgz",
      "integrity": "sha512-jl1vZzPDinLr9eUt3J/t7V6FgNEw9QjvBPdysz9KfQDD41fQrC2Y4vKQdiaUpFT4bXlb1RHhLpp8wtm6M5TgSw==",
      "dev": true,
      "license": "Apache-2.0",
      "bin": {
        "tsc": "bin/tsc",
        "tsserver": "bin/tsserver"
      },
      "engines": {
        "node": ">=14.17"
      }
    },
    "umbrella": {
      "name": "@f3liz/mazemaze",
      "version": "0.11.0",
      "license": "MIT",
      "dependencies": {
        "@f3liz/mazemaze-api-misskey": "^0.11.0"
      }
    }
  }
}
