{
  "name": "@f3liz/mazemaze-api-misskey",
  "version": "0.11.0",
  "lockfileVersion": 3,
  "requires": true,
  "packages": {
    "": {
      "name": "@f3liz/mazemaze-api-misskey",
      "version": "0.11.0",
      "license": "MIT",
      "dependencies": {
        "ofetch": "^1.5.1"
      },
      "devDependencies": {
        "acorn": "^8.17.0",
        "rescript": "^12.1.0",
        "typescript": "^5.9.3"
      }
    },
    "node_modules/@rescript/darwin-arm64": {
      "version": "12.1.0",
      "cpu": [
        "arm64"
      ],
      "dev": true,
      "optional": true,
      "os": [
        "darwin"
      ],
      "engines": {
        "node": ">=20.11.0"
      }
    },
    "node_modules/@rescript/darwin-x64": {
      "version": "12.1.0",
      "resolved": "https://registry.npmjs.org/@rescript/darwin-x64/-/darwin-x64-12.1.0.tgz",
      "integrity": "sha512-r5Iv4ga+LaNq+6g9LODwZG4bwydd9UDXACP/HKxOfrP9XQCITlF/XqB1ZDJWyJOgJLZSJCd7erlG38YtB0VZKA==",
      "cpu": [
        "x64"
      ],
      "dev": true,
      "optional": true,
      "os": [
        "darwin"
      ],
      "engines": {
        "node": ">=20.11.0"
      }
    },
    "node_modules/@rescript/linux-arm64": {
      "version": "12.1.0",
      "resolved": "https://registry.npmjs.org/@rescript/linux-arm64/-/linux-arm64-12.1.0.tgz",
      "integrity": "sha512-UTZv4GTjbyQ/T5LQDfQiGcumK3SzE1K7+ug6gWpDcGZ7ALc7hCS6BVEFL/LDs8iWVwAwkK/6r456s2zRnvS7wQ==",
      "cpu": [
        "arm64"
      ],
      "dev": true,
      "optional": true,
      "os": [
        "linux"
      ],
      "engines": {
        "node": ">=20.11.0"
      }
    },
    "node_modules/@rescript/linux-x64": {
      "version": "12.1.0",
      "resolved": "https://registry.npmjs.org/@rescript/linux-x64/-/linux-x64-12.1.0.tgz",
      "integrity": "sha512-c0PXuBL09JRSA4nQusYbR4mW5QJrBPqxDrqvIX+M79fk3d6jQmj5x4NsBwk5BavxvmbR/JU1JjYBlSAa3h22Vg==",
      "cpu": [
        "x64"
      ],
      "dev": true,
      "optional": true,
      "os": [
        "linux"
      ],
      "engines": {
        "node": ">=20.11.0"
      }
    },
    "node_modules/@rescript/runtime": {
      "version": "12.1.0",
      "dev": true
    },
    "node_modules/@rescript/win32-x64": {
      "version": "12.1.0",
      "resolved": "https://registry.npmjs.org/@rescript/win32-x64/-/win32-x64-12.1.0.tgz",
      "integrity": "sha512-nQC42QByyAbryfkbyK67iskipUqXVwTPCFrqissY4jJoP0128gg0yG6DydJnV1stXphtFdMFHtmyYE1ffG7UBg==",
      "cpu": [
        "x64"
      ],
      "dev": true,
      "optional": true,
      "os": [
        "win32"
      ],
      "engines": {
        "node": ">=20.11.0"
      }
    },
    "node_modules/acorn": {
      "version": "8.17.0",
      "resolved": "https://registry.npmjs.org/acorn/-/acorn-8.17.0.tgz",
      "integrity": "sha512-xRQbDb9BnwDafYNn6Vwl839DYVjqXYb1XVGtWAZ1kcDc6iwAL4hg3B1dZlRiuENFeO2H53gFG3in621AdERVAg==",
      "dev": true,
      "license": "MIT",
      "bin": {
        "acorn": "bin/acorn"
      },
      "engines": {
        "node": ">=0.4.0"
      }
    },
    "node_modules/destr": {
      "version": "2.0.5",
      "license": "MIT"
    },
    "node_modules/node-fetch-native": {
      "version": "1.6.7",
      "license": "MIT"
    },
    "node_modules/ofetch": {
      "version": "1.5.1",
      "license": "MIT",
      "dependencies": {
        "destr": "^2.0.5",
        "node-fetch-native": "^1.6.7",
        "ufo": "^1.6.1"
      }
    },
    "node_modules/rescript": {
      "version": "12.1.0",
      "dev": true,
      "license": "SEE LICENSE IN LICENSE",
      "workspaces": [
        "packages/playground",
        "packages/@rescript/*",
        "tests/dependencies/**",
        "tests/analysis_tests/**",
        "tests/docstring_tests",
        "tests/gentype_tests/**",
        "tests/tools_tests",
        "scripts/res"
      ],
      "dependencies": {
        "@rescript/runtime": "12.1.0"
      },
      "bin": {
        "bsc": "cli/bsc.js",
        "bstracing": "cli/bstracing.js",
        "rescript": "cli/rescript.js",
        "rescript-legacy": "cli/rescript-legacy.js",
        "rescript-tools": "cli/rescript-tools.js"
      },
      "engines": {
        "node": ">=20.11.0"
      },
      "optionalDependencies": {
        "@rescript/darwin-arm64": "12.1.0",
        "@rescript/darwin-x64": "12.1.0",
        "@rescript/linux-arm64": "12.1.0",
        "@rescript/linux-x64": "12.1.0",
        "@rescript/win32-x64": "12.1.0"
      }
    },
    "node_modules/typescript": {
      "version": "5.9.3",
      "dev": true,
      "license": "Apache-2.0",
      "bin": {
        "tsc": "bin/tsc",
        "tsserver": "bin/tsserver"
      },
      "engines": {
        "node": ">=14.17"
      }
    },
    "node_modules/ufo": {
      "version": "1.6.3",
      "license": "MIT"
    }
  }
}
